---
lockfileVersion: 1
lockfileVendor: redhat
arches:
- arch: x86_64
  packages:
  - url: https://cdn-ubi.redhat.com/content/public/ubi/dist/ubi9/9/x86_64/appstream/os/Packages/c/containers-common-1-135.el9_7.x86_64.rpm
    repoid: ubi-9-appstream-rpms
    size: 156920
    checksum: sha256:16cb92580716383f26c806fe8e01cad9ec3c370d941f95afaa2657003e1d18df
    name: containers-common
    evr: 4:1-135.el9_7
    sourcerpm: containers-common-1-135.el9_7.src.rpm
  - url: https://cdn-ubi.redhat.com/content/public/ubi/dist/ubi9/9/x86_64/appstream/os/Packages/c/criu-3.19-3.el9.x86_64.rpm
    repoid: ubi-9-appstream-rpms
    size: 569988
    checksum: sha256:991367e0ca6f3b1672f98ffccc32d43c2b959bf8b82562b79e9f9ff5be23642b
    name: criu
    evr: 3.19-3.el9
    sourcerpm: criu-3.19-3.el9.src.rpm
  - url: https://cdn-ubi.redhat.com/content/public/ubi/dist/ubi9/9/x86_64/appstream/os/Packages/c/criu-libs-3.19-3.el9.x86_64.rpm
    repoid: ubi-9-appstream-rpms
    size: 31913
    checksum: sha256:37144e6c13da6a622fb1f15d0ff3a36fc359477db916a157fefb5d1934881614
    name: criu-libs
    evr: 3.19-3.el9
    sourcerpm: criu-3.19-3.el9.src.rpm
  - url: https://cdn-ubi.redhat.com/content/public/ubi/dist/ubi9/9/x86_64/appstream/os/Packages/c/crun-1.23.1-2.el9_7.x86_64.rpm
    repoid: ubi-9-appstream-rpms
    size: 249345
    checksum: sha256:95eda856e7b59f6477a7ab8697182ad3f1d55f6169810e76987fc7cf787299f8
    name: crun
    evr: 1.23.1-2.el9_7
    sourcerpm: crun-1.23.1-2.el9_7.src.rpm
  - url: https://cdn-ubi.redhat.com/content/public/ubi/dist/ubi9/9/x86_64/appstream/os/Packages/f/fuse-overlayfs-1.15-1.el9.x86_64.rpm
    repoid: ubi-9-appstream-rpms
    size: 68396
    checksum: sha256:62c90f4005f8887e7be48827f5b3212d7ceec9479f1e4047e79740793371d3a6
    name: fuse-overlayfs
    evr: 1.15-1.el9
    sourcerpm: fuse-overlayfs-1.15-1.el9.src.rpm
  - url: https://cdn-ubi.redhat.com/content/public/ubi/dist/ubi9/9/x86_64/appstream/os/Packages/f/fuse3-3.10.2-9.el9.x86_64.rpm
    repoid: ubi-9-appstream-rpms
    size: 58706
    checksum: sha256:4674b4ee6150c8f8be01a028a471c209a6be7c0cf78e9450cf28fb01eaed9ea2
    name: fuse3
    evr: 3.10.2-9.el9
    sourcerpm: fuse3-3.10.2-9.el9.src.rpm
  - url: https://cdn-ubi.redhat.com/content/public/ubi/dist/ubi9/9/x86_64/appstream/os/Packages/f/fuse3-libs-3.10.2-9.el9.x86_64.rpm
    repoid: ubi-9-appstream-rpms
    size: 95573
    checksum: sha256:945e1d95edbce9c7dba52e9317d4564381efa5a1ba48d4bd49a58c85e47cd717
    name: fuse3-libs
    evr: 3.10.2-9.el9
    sourcerpm: fuse3-3.10.2-9.el9.src.rpm
  - url: https://cdn-ubi.redhat.com/content/public/ubi/dist/ubi9/9/x86_64/appstream/os/Packages/l/libnet-1.2-7.el9.x86_64.rpm
    repoid: ubi-9-appstream-rpms
    size: 61278
    checksum: sha256:738b9a7ab78c149487e349d90c384b59031d5763ba687a6b58a4f853671af86b
    name: libnet
    evr: 1.2-7.el9
    sourcerpm: libnet-1.2-7.el9.src.rpm
  - url: https://cdn-ubi.redhat.com/content/public/ubi/dist/ubi9/9/x86_64/appstream/os/Packages/l/libslirp-4.4.0-8.el9.x86_64.rpm
    repoid: ubi-9-appstream-rpms
    size: 71992
    checksum: sha256:9bd269ec50504f997683e963481f870bb937c3cfdb54a057e9acca67bf2b7631
    name: libslirp
    evr: 4.4.0-8.el9
    sourcerpm: libslirp-4.4.0-8.el9.src.rpm
  - url: https://cdn-ubi.redhat.com/content/public/ubi/dist/ubi9/9/x86_64/appstream/os/Packages/l/libxcrypt-compat-4.4.18-3.el9.x86_64.rpm
    repoid: ubi-9-appstream-rpms
    size: 93189
    checksum: sha256:2bd6c288e1970a001d3a1ae69166c0d926d9c87ce892edcb2110f4e142c12a7a
    name: libxcrypt-compat
    evr: 4.4.18-3.el9
    sourcerpm: libxcrypt-4.4.18-3.el9.src.rpm
  - url: https://cdn-ubi.redhat.com/content/public/ubi/dist/ubi9/9/x86_64/appstream/os/Packages/o/oniguruma-6.9.6-1.el9.5.x86_64.rpm
    repoid: ubi-9-appstream-rpms
    size: 226331
    checksum: sha256:6c884cc2216e5b4699ebd8cde27b39e99532520b367f645ed6cc660d081916dc
    name: oniguruma
    evr: 6.9.6-1.el9.5
    sourcerpm: oniguruma-6.9.6-1.el9.5.src.rpm
  - url: https://cdn-ubi.redhat.com/content/public/ubi/dist/ubi9/9/x86_64/appstream/os/Packages/p/python-unversioned-command-3.9.25-2.el9_7.noarch.rpm
    repoid: ubi-9-appstream-rpms
    size: 9351
    checksum: sha256:ddc75f8460178a142a203ba8d5082c7d58393281238400d11a82cc5ee6487390
    name: python-unversioned-command
    evr: 3.9.25-2.el9_7
    sourcerpm: python3.9-3.9.25-2.el9_7.src.rpm
  - url: https://cdn-ubi.redhat.com/content/public/ubi/dist/ubi9/9/x86_64/appstream/os/Packages/p/python3-pip-21.3.1-1.el9.noarch.rpm
    repoid: ubi-9-appstream-rpms
    size: 2133958
    checksum: sha256:2ff41d5bbfb5bf09378a499b56d9854e9389e3a8648897426d144f4b385f8730
    name: python3-pip
    evr: 21.3.1-1.el9
    sourcerpm: python-pip-21.3.1-1.el9.src.rpm
  - url: https://cdn-ubi.redhat.com/content/public/ubi/dist/ubi9/9/x86_64/appstream/os/Packages/s/skopeo-1.20.0-2.el9_7.x86_64.rpm
    repoid: ubi-9-appstream-rpms
    size: 8597530
    checksum: sha256:309fcf6286c96bcd6e2a07c1e2d163011449dcde358e103e2fa4c3b92e65364d
    name: skopeo
    evr: 2:1.20.0-2.el9_7
    sourcerpm: skopeo-1.20.0-2.el9_7.src.rpm
  - url: https://cdn-ubi.redhat.com/content/public/ubi/dist/ubi9/9/x86_64/appstream/os/Packages/s/slirp4netns-1.3.3-1.el9.x86_64.rpm
    repoid: ubi-9-appstream-rpms
    size: 48562
    checksum: sha256:ba91e6e0d70be19e5f9a44e0a8f6791c49b685b42a1ad2dc64ec50e4800c7d1a
    name: slirp4netns
    evr: 1.3.3-1.el9
    sourcerpm: slirp4netns-1.3.3-1.el9.src.rpm
  - url: https://cdn-ubi.redhat.com/content/public/ubi/dist/ubi9/9/x86_64/appstream/os/Packages/y/yajl-2.1.0-25.el9.x86_64.rpm
    repoid: ubi-9-appstream-rpms
    size: 42487
    checksum: sha256:f7503f34d5095303db5c57c70c5edb890dab7d0bba5920f3dcc44d7835449555
    name: yajl
    evr: 2.1.0-25.el9
    sourcerpm: yajl-2.1.0-25.el9.src.rpm
  - url: https://cdn-ubi.redhat.com/content/public/ubi/dist/ubi9/9/x86_64/baseos/os/Packages/e/expat-2.5.0-5.el9_7.1.x86_64.rpm
    repoid: ubi-9-baseos-rpms
    size: 120241
    checksum: sha256:e8ce7bfb8667fc6e4d080f4cae71e175a25cc78b5389a41e3e2e05ffe8edeafe
    name: expat
    evr: 2.5.0-5.el9_7.1
    sourcerpm: expat-2.5.0-5.el9_7.1.src.rpm
  - url: https://cdn-ubi.redhat.com/content/public/ubi/dist/ubi9/9/x86_64/baseos/os/Packages/f/fuse-common-3.10.2-9.el9.x86_64.rpm
    repoid: ubi-9-baseos-rpms
    size: 8750
    checksum: sha256:548265cbee787fa659bc79c07e15a12007f39eb70e905bf660ec488f0bb8820f
    name: fuse-common
    evr: 3.10.2-9.el9
    sourcerpm: fuse3-3.10.2-9.el9.src.rpm
  - url: https://cdn-ubi.redhat.com/content/public/ubi/dist/ubi9/9/x86_64/baseos/os/Packages/j/jq-1.6-19.el9.x86_64.rpm
    repoid: ubi-9-baseos-rpms
    size: 191662
    checksum: sha256:6b4d82714813d7b4a3200bf2856a3c1493d186e9caa916d7a700ec25e4996462
    name: jq
    evr: 1.6-19.el9
    sourcerpm: jq-1.6-19.el9.src.rpm
  - url: https://cdn-ubi.redhat.com/content/public/ubi/dist/ubi9/9/x86_64/baseos/os/Packages/k/kmod-28-11.el9.x86_64.rpm
    repoid: ubi-9-baseos-rpms
    size: 127775
    checksum: sha256:f85ac587f3c6abab55c30986b5f4af790c3fa2f2a413057db8e9250c79825b5d
    name: kmod
    evr: 28-11.el9
    sourcerpm: kmod-28-11.el9.src.rpm
  - url: https://cdn-ubi.redhat.com/content/public/ubi/dist/ubi9/9/x86_64/baseos/os/Packages/l/libnl3-3.11.0-1.el9.x86_64.rpm
    repoid: ubi-9-baseos-rpms
    size: 376137
    checksum: sha256:89728a253a5bf1c8e01c40573f1283d40188e003bdbd4ac565f8b0f05bced55c
    name: libnl3
    evr: 3.11.0-1.el9
    sourcerpm: libnl3-3.11.0-1.el9.src.rpm
  - url: https://cdn-ubi.redhat.com/content/public/ubi/dist/ubi9/9/x86_64/baseos/os/Packages/l/libseccomp-2.5.2-2.el9.x86_64.rpm
    repoid: ubi-9-baseos-rpms
    size: 76200
    checksum: sha256:e2015f60dbe784330d5df43f3f05c68c307694600a636a1706bf86527cc82e82
    name: libseccomp
    evr: 2.5.2-2.el9
    sourcerpm: libseccomp-2.5.2-2.el9.src.rpm
  - url: https://cdn-ubi.redhat.com/content/public/ubi/dist/ubi9/9/x86_64/baseos/os/Packages/p/protobuf-c-1.3.3-13.el9.x86_64.rpm
    repoid: ubi-9-baseos-rpms
    size: 38224
    checksum: sha256:9669f5bed1c9532ede399cd1ea6f8937ae7d18cfb56d59f2939a4b456390035f
    name: protobuf-c
    evr: 1.3.3-13.el9
    sourcerpm: protobuf-c-1.3.3-13.el9.src.rpm
  - url: https://cdn-ubi.redhat.com/content/public/ubi/dist/ubi9/9/x86_64/baseos/os/Packages/p/python3-3.9.25-2.el9_7.x86_64.rpm
    repoid: ubi-9-baseos-rpms
    size: 26401
    checksum: sha256:f0aebc2ba2783ad81c9989e23405ce5ccd9f2df0e67d89ce41c61e7c12c6585c
    name: python3
    evr: 3.9.25-2.el9_7
    sourcerpm: python3.9-3.9.25-2.el9_7.src.rpm
  - url: https://cdn-ubi.redhat.com/content/public/ubi/dist/ubi9/9/x86_64/baseos/os/Packages/p/python3-libs-3.9.25-2.el9_7.x86_64.rpm
    repoid: ubi-9-baseos-rpms
    size: 8476647
    checksum: sha256:a4954756304bce5257f4b494c61fee45a1d733e1791fd9a0c3eac6eed97f2e6f
    name: python3-libs
    evr: 3.9.25-2.el9_7
    sourcerpm: python3.9-3.9.25-2.el9_7.src.rpm
  - url: https://cdn-ubi.redhat.com/content/public/ubi/dist/ubi9/9/x86_64/baseos/os/Packages/p/python3-pip-wheel-21.3.1-1.el9.noarch.rpm
    repoid: ubi-9-baseos-rpms
    size: 1193706
    checksum: sha256:75c46aab03898c66ce16be556432b71aed7efcedce02b9263339c14f57b4fdc0
    name: python3-pip-wheel
    evr: 21.3.1-1.el9
    sourcerpm: python-pip-21.3.1-1.el9.src.rpm
  - url: https://cdn-ubi.redhat.com/content/public/ubi/dist/ubi9/9/x86_64/baseos/os/Packages/p/python3-setuptools-53.0.0-15.el9.noarch.rpm
    repoid: ubi-9-baseos-rpms
    size: 958725
    checksum: sha256:e3c5b5927ad0c0bde27a95c54f7a1295965b317d225ece2e98acd365aa45d09f
    name: python3-setuptools
    evr: 53.0.0-15.el9
    sourcerpm: python-setuptools-53.0.0-15.el9.src.rpm
  - url: https://cdn-ubi.redhat.com/content/public/ubi/dist/ubi9/9/x86_64/baseos/os/Packages/p/python3-setuptools-wheel-53.0.0-15.el9.noarch.rpm
    repoid: ubi-9-baseos-rpms
    size: 479203
    checksum: sha256:36dacb345e21bc0308ef2508f0c93995520a15ef0b56aab3593186c8dc9c0c5a
    name: python3-setuptools-wheel
    evr: 53.0.0-15.el9
    sourcerpm: python-setuptools-53.0.0-15.el9.src.rpm
  - url: https://cdn-ubi.redhat.com/content/public/ubi/dist/ubi9/9/x86_64/baseos/os/Packages/s/shadow-utils-subid-4.9-15.el9.x86_64.rpm
    repoid: ubi-9-baseos-rpms
    size: 86604
    checksum: sha256:dd1fb90430220033adbd4c52c5c1d53323acc011245b73aafefbc9fa33f40a2b
    name: shadow-utils-subid
    evr: 2:4.9-15.el9
    sourcerpm: shadow-utils-4.9-15.el9.src.rpm
  - url: https://cdn-ubi.redhat.com/content/public/ubi/dist/ubi9/9/x86_64/baseos/os/Packages/t/tar-1.34-9.el9_7.x86_64.rpm
    repoid: ubi-9-baseos-rpms
    size: 906521
    checksum: sha256:4c0beb933074a5254c297e8968b3f41ec5a02b23056997ddcf526fe7e6166482
    name: tar
    evr: 2:1.34-9.el9_7
    sourcerpm: tar-1.34-9.el9_7.src.rpm
  source:
  - url: https://cdn-ubi.redhat.com/content/public/ubi/dist/ubi9/9/x86_64/appstream/source/SRPMS/Packages/c/containers-common-1-135.el9_7.src.rpm
    repoid: ubi-9-appstream-source
    size: 168194
    checksum: sha256:876fd10e3ef2b0d4fe856e4434fa49b33cc7586c23bd8452a47e0eee34099b5a
    name: containers-common
    evr: 4:1-135.el9_7
  - url: https://cdn-ubi.redhat.com/content/public/ubi/dist/ubi9/9/x86_64/appstream/source/SRPMS/Packages/c/criu-3.19-3.el9.src.rpm
    repoid: ubi-9-appstream-source
    size: 1397598
    checksum: sha256:935cde45890eee106b48c5a17fcce9a359bbc33e5867c7433012a28fdc095e90
    name: criu
    evr: 3.19-3.el9
  - url: https://cdn-ubi.redhat.com/content/public/ubi/dist/ubi9/9/x86_64/appstream/source/SRPMS/Packages/c/crun-1.23.1-2.el9_7.src.rpm
    repoid: ubi-9-appstream-source
    size: 845412
    checksum: sha256:19500c02ad50c34f29a7c69d69fb48a7675c9915a0656c272b82ccbf93bd32bd
    name: crun
    evr: 1.23.1-2.el9_7
  - url: https://cdn-ubi.redhat.com/content/public/ubi/dist/ubi9/9/x86_64/appstream/source/SRPMS/Packages/f/fuse-overlayfs-1.15-1.el9.src.rpm
    repoid: ubi-9-appstream-source
    size: 128348
    checksum: sha256:ad7abdc85910089902f74488e2571b87d78f6f77ade1d3ba26827b3374086163
    name: fuse-overlayfs
    evr: 1.15-1.el9
  - url: https://cdn-ubi.redhat.com/content/public/ubi/dist/ubi9/9/x86_64/appstream/source/SRPMS/Packages/l/libnet-1.2-7.el9.src.rpm
    repoid: ubi-9-appstream-source
    size: 611553
    checksum: sha256:bc2724e7061c48e2038f4f47b433bebccedb4ffc227dc351baaf3d5a52f03b08
    name: libnet
    evr: 1.2-7.el9
  - url: https://cdn-ubi.redhat.com/content/public/ubi/dist/ubi9/9/x86_64/appstream/source/SRPMS/Packages/l/libslirp-4.4.0-8.el9.src.rpm
    repoid: ubi-9-appstream-source
    size: 128699
    checksum: sha256:5e740382ebf1511fc7c4fa0c1db0bc72fad624329ff9e359cea75cccbed503e4
    name: libslirp
    evr: 4.4.0-8.el9
  - url: https://cdn-ubi.redhat.com/content/public/ubi/dist/ubi9/9/x86_64/appstream/source/SRPMS/Packages/o/oniguruma-6.9.6-1.el9.5.src.rpm
    repoid: ubi-9-appstream-source
    size: 934541
    checksum: sha256:cba17754ccaffd886995aec7f152aadbc5d9932a2a2cdf1d983291c7b2838404
    name: oniguruma
    evr: 6.9.6-1.el9.5
  - url: https://cdn-ubi.redhat.com/content/public/ubi/dist/ubi9/9/x86_64/appstream/source/SRPMS/Packages/s/skopeo-1.20.0-2.el9_7.src.rpm
    repoid: ubi-9-appstream-source
    size: 10334884
    checksum: sha256:8c02ac43b701d7c73685bfe72bb61a1edf5011a0d33333fdf9e011a3d5b5485a
    name: skopeo
    evr: 2:1.20.0-2.el9_7
  - url: https://cdn-ubi.redhat.com/content/public/ubi/dist/ubi9/9/x86_64/appstream/source/SRPMS/Packages/s/slirp4netns-1.3.3-1.el9.src.rpm
    repoid: ubi-9-appstream-source
    size: 76019
    checksum: sha256:fcf453e6ffb0f7892fb087d8052f9ceebab6dfbc3797ad6b98c8eee9814e009d
    name: slirp4netns
    evr: 1.3.3-1.el9
  - url: https://cdn-ubi.redhat.com/content/public/ubi/dist/ubi9/9/x86_64/appstream/source/SRPMS/Packages/y/yajl-2.1.0-25.el9.src.rpm
    repoid: ubi-9-appstream-source
    size: 101373
    checksum: sha256:08182ae11608d0ad5d9ef01c558a39489f331fe449f9be6df1a91c5e950163f9
    name: yajl
    evr: 2.1.0-25.el9
  - url: https://cdn-ubi.redhat.com/content/public/ubi/dist/ubi9/9/x86_64/baseos/source/SRPMS/Packages/e/expat-2.5.0-5.el9_7.1.src.rpm
    repoid: ubi-9-baseos-source
    size: 8380127
    checksum: sha256:29a0e23a89d0f1ba640a694688699e1c765c4f5793d9f9c0642a97aa54179664
    name: expat
    evr: 2.5.0-5.el9_7.1
  - url: https://cdn-ubi.redhat.com/content/public/ubi/dist/ubi9/9/x86_64/baseos/source/SRPMS/Packages/f/fuse3-3.10.2-9.el9.src.rpm
    repoid: ubi-9-baseos-source
    size: 799367
    checksum: sha256:ddfcd07bcdcc07bdabe0f05b2c5c3bb1d6582af9c6b127632dd74f8ca78d56c9
    name: fuse3
    evr: 3.10.2-9.el9
  - url: https://cdn-ubi.redhat.com/content/public/ubi/dist/ubi9/9/x86_64/baseos/source/SRPMS/Packages/j/jq-1.6-19.el9.src.rpm
    repoid: ubi-9-baseos-source
    size: 1505339
    checksum: sha256:a36173a7f5461f8cc1b6aa9e62f3e0435d6fde658a8795c909fd62cb5bfc9565
    name: jq
    evr: 1.6-19.el9
  - url: https://cdn-ubi.redhat.com/content/public/ubi/dist/ubi9/9/x86_64/baseos/source/SRPMS/Packages/k/kmod-28-11.el9.src.rpm
    repoid: ubi-9-baseos-source
    size: 579198
    checksum: sha256:4f6fefbf0d004b23494fe18ccfff2b9151ea887a276c56a6f25ea597a250991c
    name: kmod
    evr: 28-11.el9
  - url: https://cdn-ubi.redhat.com/content/public/ubi/dist/ubi9/9/x86_64/baseos/source/SRPMS/Packages/l/libnl3-3.11.0-1.el9.src.rpm
    repoid: ubi-9-baseos-source
    size: 5068824
    checksum: sha256:13f6ea90f26fbc96e3754584a576c03ca41221fc939164f5a7b6341a6372fd7a
    name: libnl3
    evr: 3.11.0-1.el9
  - url: https://cdn-ubi.redhat.com/content/public/ubi/dist/ubi9/9/x86_64/baseos/source/SRPMS/Packages/l/libseccomp-2.5.2-2.el9.src.rpm
    repoid: ubi-9-baseos-source
    size: 653169
    checksum: sha256:43dd0fa2cd26306e2017704075e628bbe675c8731b17848df82f3b59337f1be8
    name: libseccomp
    evr: 2.5.2-2.el9
  - url: https://cdn-ubi.redhat.com/content/public/ubi/dist/ubi9/9/x86_64/baseos/source/SRPMS/Packages/l/libxcrypt-4.4.18-3.el9.src.rpm
    repoid: ubi-9-baseos-source
    size: 543970
    checksum: sha256:d18f72eb41ecd0370e2e47f1dc5774be54e9ff3b4dd333578017666c7c488f40
    name: libxcrypt
    evr: 4.4.18-3.el9
  - url: https://cdn-ubi.redhat.com/content/public/ubi/dist/ubi9/9/x86_64/baseos/source/SRPMS/Packages/p/protobuf-c-1.3.3-13.el9.src.rpm
    repoid: ubi-9-baseos-source
    size: 513224
    checksum: sha256:d4d82978c58a2f9ca8e24b953fd9ac74efee41572ec9649c4f2f183cda98b33f
    name: protobuf-c
    evr: 1.3.3-13.el9
  - url: https://cdn-ubi.redhat.com/content/public/ubi/dist/ubi9/9/x86_64/baseos/source/SRPMS/Packages/p/python-pip-21.3.1-1.el9.src.rpm
    repoid: ubi-9-baseos-source
    size: 8984717
    checksum: sha256:cb9e0cca3bd8dc24798cf1fb333d574774ce8288598331d44994d768f33648d3
    name: python-pip
    evr: 21.3.1-1.el9
  - url: https://cdn-ubi.redhat.com/content/public/ubi/dist/ubi9/9/x86_64/baseos/source/SRPMS/Packages/p/python-setuptools-53.0.0-15.el9.src.rpm
    repoid: ubi-9-baseos-source
    size: 2080284
    checksum: sha256:08d279a3ec69f016e717f56bcec922cd68353fa8acba8de8fb56cf34ebc876a5
    name: python-setuptools
    evr: 53.0.0-15.el9
  - url: https://cdn-ubi.redhat.com/content/public/ubi/dist/ubi9/9/x86_64/baseos/source/SRPMS/Packages/p/python3.9-3.9.25-2.el9_7.src.rpm
    repoid: ubi-9-baseos-source
    size: 20804484
    checksum: sha256:3e860ebcea7b1aa430712d24968c55c774f06428f2a7f4cb6b772159a67f97fa
    name: python3.9
    evr: 3.9.25-2.el9_7
  - url: https://cdn-ubi.redhat.com/content/public/ubi/dist/ubi9/9/x86_64/baseos/source/SRPMS/Packages/s/shadow-utils-4.9-15.el9.src.rpm
    repoid: ubi-9-baseos-source
    size: 1712227
    checksum: sha256:c6feefc65a20ec4203979e0cde4d4a6d86981ac7c836e55148273bd9fc2b57b2
    name: shadow-utils
    evr: 2:4.9-15.el9
  - url: https://cdn-ubi.redhat.com/content/public/ubi/dist/ubi9/9/x86_64/baseos/source/SRPMS/Packages/t/tar-1.34-9.el9_7.src.rpm
    repoid: ubi-9-baseos-source
    size: 2282680
    checksum: sha256:9b84935c6072500fa28674521fe13816a8be44c50bb8eaf5ec73994782161250
    name: tar
    evr: 2:1.34-9.el9_7
  module_metadata: []
